
Microsoft Visual Studio Solution File, Format Version 12.00
# Visual Studio Version 17
VisualStudioVersion = 17.3.32901.215
MinimumVisualStudioVersion = 10.0.40219.1
Project("{9A19103F-16F7-4668-BE54-9A1E7A4F7556}") = "FirstSnow", "FirstSnow\FirstSnow.csproj", "{97EAC0F7-CD34-409C-958B-384833DC7EBD}"
EndProject
Project("{9A19103F-16F7-4668-BE54-9A1E7A4F7556}") = "DataBaseEngine", "DataBaseEngine\DataBaseEngine.csproj", "{2E689681-674D-4A4B-909C-286520DBF29F}"
EndProject
Project("{9A19103F-16F7-4668-BE54-9A1E7A4F7556}") = "FirstSnow.Common", "FirstSnow.Common\FirstSnow.Common.csproj", "{E1B8232D-0FB6-4043-9702-9A50CE0701A2}"
EndProject
Project("{FAE04EC0-301F-11D3-BF4B-00C04F79EFBC}") = "FirstSnow.Deployer", "FirstSnow.Deployer\FirstSnow.Deployer.csproj", "{DA069982-162D-450E-841A-7FDA7D020262}"
EndProject
Project("{FAE04EC0-301F-11D3-BF4B-00C04F79EFBC}") = "FirstSnow.Contract", "FirstSnow.Contract\FirstSnow.Contract.csproj", "{06C5857E-18BA-4657-AF4A-843EED965A66}"
EndProject
Global
	GlobalSection(SolutionConfigurationPlatforms) = preSolution
		Debug|Any CPU = Debug|Any CPU
		Release|Any CPU = Release|Any CPU
	EndGlobalSection
	GlobalSection(ProjectConfigurationPlatforms) = postSolution
		{97EAC0F7-CD34-409C-958B-384833DC7EBD}.Debug|Any CPU.ActiveCfg = Debug|Any CPU
		{97EAC0F7-CD34-409C-958B-384833DC7EBD}.Debug|Any CPU.Build.0 = Debug|Any CPU
		{97EAC0F7-CD34-409C-958B-384833DC7EBD}.Release|Any CPU.ActiveCfg = Release|Any CPU
		{97EAC0F7-CD34-409C-958B-384833DC7EBD}.Release|Any CPU.Build.0 = Release|Any CPU
		{2E689681-674D-4A4B-909C-286520DBF29F}.Debug|Any CPU.ActiveCfg = Debug|Any CPU
		{2E689681-674D-4A4B-909C-286520DBF29F}.Debug|Any CPU.Build.0 = Debug|Any CPU
		{2E689681-674D-4A4B-909C-286520DBF29F}.Release|Any CPU.ActiveCfg = Release|Any CPU
		{2E689681-674D-4A4B-909C-286520DBF29F}.Release|Any CPU.Build.0 = Release|Any CPU
		{E1B8232D-0FB6-4043-9702-9A50CE0701A2}.Debug|Any CPU.ActiveCfg = Debug|Any CPU
		{E1B8232D-0FB6-4043-9702-9A50CE0701A2}.Debug|Any CPU.Build.0 = Debug|Any CPU
		{E1B8232D-0FB6-4043-9702-9A50CE0701A2}.Release|Any CPU.ActiveCfg = Release|Any CPU
		{E1B8232D-0FB6-4043-9702-9A50CE0701A2}.Release|Any CPU.Build.0 = Release|Any CPU
		{DA069982-162D-450E-841A-7FDA7D020262}.Debug|Any CPU.ActiveCfg = Debug|Any CPU
		{DA069982-162D-450E-841A-7FDA7D020262}.Debug|Any CPU.Build.0 = Debug|Any CPU
		{DA069982-162D-450E-841A-7FDA7D020262}.Release|Any CPU.ActiveCfg = Release|Any CPU
		{DA069982-162D-450E-841A-7FDA7D020262}.Release|Any CPU.Build.0 = Release|Any CPU
		{06C5857E-18BA-4657-AF4A-843EED965A66}.Debug|Any CPU.ActiveCfg = Debug|Any CPU
		{06C5857E-18BA-4657-AF4A-843EED965A66}.Debug|Any CPU.Build.0 = Debug|Any CPU
		{06C5857E-18BA-4657-AF4A-843EED965A66}.Release|Any CPU.ActiveCfg = Release|Any CPU
		{06C5857E-18BA-4657-AF4A-843EED965A66}.Release|Any CPU.Build.0 = Release|Any CPU
	EndGlobalSection
	GlobalSection(SolutionProperties) = preSolution
		HideSolutionNode = FALSE
	EndGlobalSection
	GlobalSection(ExtensibilityGlobals) = postSolution
		SolutionGuid = {1E7CB44B-45E3-4369-AD44-F8F0386B50B0}
	EndGlobalSection
EndGlobal
